
Microsoft Visual Studio Solution File, Format Version 12.00
# Visual Studio Version 17
VisualStudioVersion = 17.14.36705.20
MinimumVisualStudioVersion = 10.0.40219.1
Project("{FAE04EC0-301F-11D3-BF4B-00C04F79EFBC}") = "StudentsManagementWebApi", "StudentsManagementWebApi.csproj", "{14FF077C-A115-FEA3-615C-6B9E24564AB2}"
EndProject
Global
	GlobalSection(SolutionConfigurationPlatforms) = preSolution
		Debug|Any CPU = Debug|Any CPU
		Release|Any CPU = Release|Any CPU
	EndGlobalSection
	GlobalSection(ProjectConfigurationPlatforms) = postSolution
		{14FF077C-A115-FEA3-615C-6B9E24564AB2}.Debug|Any CPU.ActiveCfg = Debug|Any CPU
		{14FF077C-A115-FEA3-615C-6B9E24564AB2}.Debug|Any CPU.Build.0 = Debug|Any CPU
		{14FF077C-A115-FEA3-615C-6B9E24564AB2}.Release|Any CPU.ActiveCfg = Release|Any CPU
		{14FF077C-A115-FEA3-615C-6B9E24564AB2}.Release|Any CPU.Build.0 = Release|Any CPU
	EndGlobalSection
	GlobalSection(SolutionProperties) = preSolution
		HideSolutionNode = FALSE
	EndGlobalSection
	GlobalSection(ExtensibilityGlobals) = postSolution
		SolutionGuid = {41668685-0CC0-4A12-AF99-AD4FFE9B96BE}
	EndGlobalSection
EndGlobal
